
Microsoft Visual Studio Solution File, Format Version 12.00
# Visual Studio Version 16
VisualStudioVersion = 16.0.29613.14
MinimumVisualStudioVersion = 10.0.40219.1
Project("{9A19103F-16F7-4668-BE54-9A1E7A4F7556}") = "LibUA", "LibUA\LibUA.csproj", "{84BC6739-52AC-482B-BF45-3D3EBD754D4B}"
EndProject
Project("{9A19103F-16F7-4668-BE54-9A1E7A4F7556}") = "TestServer", "TestServer\TestServer.csproj", "{62DE01CE-6B65-46AE-B338-DC2D21F98EAA}"
EndProject
Project("{9A19103F-16F7-4668-BE54-9A1E7A4F7556}") = "TestClient", "TestClient\TestClient.csproj", "{809924A5-E31A-465D-9E1F-BD1AA1F63340}"
EndProject
Global
	GlobalSection(SolutionConfigurationPlatforms) = preSolution
		Debug|Any CPU = Debug|Any CPU
		Release|Any CPU = Release|Any CPU
	EndGlobalSection
	GlobalSection(ProjectConfigurationPlatforms) = postSolution
		{84BC6739-52AC-482B-BF45-3D3EBD754D4B}.Debug|Any CPU.ActiveCfg = Debug|Any CPU
		{84BC6739-52AC-482B-BF45-3D3EBD754D4B}.Debug|Any CPU.Build.0 = Debug|Any CPU
		{84BC6739-52AC-482B-BF45-3D3EBD754D4B}.Release|Any CPU.ActiveCfg = Release|Any CPU
		{84BC6739-52AC-482B-BF45-3D3EBD754D4B}.Release|Any CPU.Build.0 = Release|Any CPU
		{62DE01CE-6B65-46AE-B338-DC2D21F98EAA}.Debug|Any CPU.ActiveCfg = Debug|Any CPU
		{62DE01CE-6B65-46AE-B338-DC2D21F98EAA}.Debug|Any CPU.Build.0 = Debug|Any CPU
		{62DE01CE-6B65-46AE-B338-DC2D21F98EAA}.Release|Any CPU.ActiveCfg = Release|Any CPU
		{62DE01CE-6B65-46AE-B338-DC2D21F98EAA}.Release|Any CPU.Build.0 = Release|Any CPU
		{809924A5-E31A-465D-9E1F-BD1AA1F63340}.Debug|Any CPU.ActiveCfg = Debug|Any CPU
		{809924A5-E31A-465D-9E1F-BD1AA1F63340}.Debug|Any CPU.Build.0 = Debug|Any CPU
		{809924A5-E31A-465D-9E1F-BD1AA1F63340}.Release|Any CPU.ActiveCfg = Release|Any CPU
		{809924A5-E31A-465D-9E1F-BD1AA1F63340}.Release|Any CPU.Build.0 = Release|Any CPU
	EndGlobalSection
	GlobalSection(SolutionProperties) = preSolution
		HideSolutionNode = FALSE
	EndGlobalSection
	GlobalSection(ExtensibilityGlobals) = postSolution
		SolutionGuid = {03381D17-B1F1-48B8-9F30-97F101AEA4AD}
	EndGlobalSection
EndGlobal
